
Microsoft Visual Studio Solution File, Format Version 12.00
# Visual Studio Version 17
VisualStudioVersion = 17.0.32014.148
MinimumVisualStudioVersion = 10.0.40219.1
Project("{9A19103F-16F7-4668-BE54-9A1E7A4F7556}") = "SNS.API", "SNS.API\SNS.API.csproj", "{C574176E-A577-4844-B536-490F984CD2BC}"
EndProject
Project("{FAE04EC0-301F-11D3-BF4B-00C04F79EFBC}") = "SNS.TEST", "SNS.TEST\SNS.TEST.csproj", "{6D6CE988-15F7-439F-8A3D-574EEBE83592}"
EndProject
Global
	GlobalSection(SolutionConfigurationPlatforms) = preSolution
		Debug|Any CPU = Debug|Any CPU
		Release|Any CPU = Release|Any CPU
	EndGlobalSection
	GlobalSection(ProjectConfigurationPlatforms) = postSolution
		{C574176E-A577-4844-B536-490F984CD2BC}.Debug|Any CPU.ActiveCfg = Debug|Any CPU
		{C574176E-A577-4844-B536-490F984CD2BC}.Debug|Any CPU.Build.0 = Debug|Any CPU
		{C574176E-A577-4844-B536-490F984CD2BC}.Release|Any CPU.ActiveCfg = Release|Any CPU
		{C574176E-A577-4844-B536-490F984CD2BC}.Release|Any CPU.Build.0 = Release|Any CPU
		{6D6CE988-15F7-439F-8A3D-574EEBE83592}.Debug|Any CPU.ActiveCfg = Debug|Any CPU
		{6D6CE988-15F7-439F-8A3D-574EEBE83592}.Debug|Any CPU.Build.0 = Debug|Any CPU
		{6D6CE988-15F7-439F-8A3D-574EEBE83592}.Release|Any CPU.ActiveCfg = Release|Any CPU
		{6D6CE988-15F7-439F-8A3D-574EEBE83592}.Release|Any CPU.Build.0 = Release|Any CPU
	EndGlobalSection
	GlobalSection(SolutionProperties) = preSolution
		HideSolutionNode = FALSE
	EndGlobalSection
	GlobalSection(ExtensibilityGlobals) = postSolution
		SolutionGuid = {0CA26C7E-7607-4D19-BDD4-57593B5E716A}
	EndGlobalSection
EndGlobal
